// !$*UTF8*$!
{
	archiveVersion = 1;
	classes = {
	};
	objectVersion = 46;
	objects = {

/* Begin PBXBuildFile section */
		00046370194D79440052B91F /* nearby_title_bar@2x.png in Resources */ = {isa = PBXBuildFile; fileRef = 0004636F194D79440052B91F /* nearby_title_bar@2x.png */; };
		00046374194D79610052B91F /* nearby_back_function@2x.png in Resources */ = {isa = PBXBuildFile; fileRef = 00046371194D79610052B91F /* nearby_back_function@2x.png */; };
		00046375194D79610052B91F /* nearby_bottom_bar@2x.png in Resources */ = {isa = PBXBuildFile; fileRef = 00046372194D79610052B91F /* nearby_bottom_bar@2x.png */; };
		00046376194D79610052B91F /* nearby_confirm_button@2x.png in Resources */ = {isa = PBXBuildFile; fileRef = 00046373194D79610052B91F /* nearby_confirm_button@2x.png */; };
		00046379194D796D0052B91F /* nearby_female_frame_2@2x.png in Resources */ = {isa = PBXBuildFile; fileRef = 00046377194D796D0052B91F /* nearby_female_frame_2@2x.png */; };
		0004637A194D796D0052B91F /* nearby_male_frame_2@2x.png in Resources */ = {isa = PBXBuildFile; fileRef = 00046378194D796D0052B91F /* nearby_male_frame_2@2x.png */; };
		0004637D194D79D70052B91F /* iPinNearbyViewController.m in Sources */ = {isa = PBXBuildFile; fileRef = 0004637C194D79D70052B91F /* iPinNearbyViewController.m */; };
		00071773194D8AED00F5CDF5 /* SGActionView.m in Sources */ = {isa = PBXBuildFile; fileRef = 0007176A194D8AED00F5CDF5 /* SGActionView.m */; };
		00071774194D8AED00F5CDF5 /* SGBaseMenu.m in Sources */ = {isa = PBXBuildFile; fileRef = 0007176C194D8AED00F5CDF5 /* SGBaseMenu.m */; };
		00071775194D8AED00F5CDF5 /* SGAlertMenu.m in Sources */ = {isa = PBXBuildFile; fileRef = 0007176E194D8AED00F5CDF5 /* SGAlertMenu.m */; };
		00071776194D8AED00F5CDF5 /* SGGridMenu.m in Sources */ = {isa = PBXBuildFile; fileRef = 00071770194D8AED00F5CDF5 /* SGGridMenu.m */; };
		00071777194D8AED00F5CDF5 /* SGSheetMenu.m in Sources */ = {isa = PBXBuildFile; fileRef = 00071772194D8AED00F5CDF5 /* SGSheetMenu.m */; };
		00071780194D8DBD00F5CDF5 /* share_pengyouquan_icon@2x.png in Resources */ = {isa = PBXBuildFile; fileRef = 0007177C194D8DBD00F5CDF5 /* share_pengyouquan_icon@2x.png */; };
		00071781194D8DBD00F5CDF5 /* share_sms_icon@2x.png in Resources */ = {isa = PBXBuildFile; fileRef = 0007177D194D8DBD00F5CDF5 /* share_sms_icon@2x.png */; };
		00071782194D8DBD00F5CDF5 /* share_wechat_icon@2x.png in Resources */ = {isa = PBXBuildFile; fileRef = 0007177E194D8DBD00F5CDF5 /* share_wechat_icon@2x.png */; };
		00071783194D8DBD00F5CDF5 /* share_weibo_icon@2x.png in Resources */ = {isa = PBXBuildFile; fileRef = 0007177F194D8DBD00F5CDF5 /* share_weibo_icon@2x.png */; };
		00071785194D919100F5CDF5 /* MessageUI.framework in Frameworks */ = {isa = PBXBuildFile; fileRef = 00071784194D919100F5CDF5 /* MessageUI.framework */; };
		00073BB2194DCB9B002ECE59 /* CFNetwork.framework in Frameworks */ = {isa = PBXBuildFile; fileRef = 00073BB1194DCB9B002ECE59 /* CFNetwork.framework */; };
		001602EE19488D8D00CA8EDD /* title_bar@2x.png in Resources */ = {isa = PBXBuildFile; fileRef = 001602ED19488D8D00CA8EDD /* title_bar@2x.png */; };
		001602F019488DA300CA8EDD /* nearby_function@2x.png in Resources */ = {isa = PBXBuildFile; fileRef = 001602EF19488DA300CA8EDD /* nearby_function@2x.png */; };
		001602F319488DAE00CA8EDD /* release_function@2X.png in Resources */ = {isa = PBXBuildFile; fileRef = 001602F119488DAE00CA8EDD /* release_function@2X.png */; };
		001602F419488DAE00CA8EDD /* settings_button@2X.png in Resources */ = {isa = PBXBuildFile; fileRef = 001602F219488DAE00CA8EDD /* settings_button@2X.png */; };
		001602FB19488E9F00CA8EDD /* iPinMainViewController.m in Sources */ = {isa = PBXBuildFile; fileRef = 001602FA19488E9F00CA8EDD /* iPinMainViewController.m */; };
		001B90E6194BF46B0082C0D1 /* personal_center_bg@2x.png in Resources */ = {isa = PBXBuildFile; fileRef = 001B90E5194BF46B0082C0D1 /* personal_center_bg@2x.png */; };
		001B90E8194BF47D0082C0D1 /* release_confirm_button@2x.png in Resources */ = {isa = PBXBuildFile; fileRef = 001B90E7194BF47D0082C0D1 /* release_confirm_button@2x.png */; };
		0020F71519628D450067B896 /* LaunchImage@2x.png in Resources */ = {isa = PBXBuildFile; fileRef = 0020F71419628D450067B896 /* LaunchImage@2x.png */; };
		0020F718196291AB0067B896 /* iPinLoginViewController.m in Sources */ = {isa = PBXBuildFile; fileRef = 0020F717196291AB0067B896 /* iPinLoginViewController.m */; };
		0020F71B196292F80067B896 /* Logo@2x.png in Resources */ = {isa = PBXBuildFile; fileRef = 0020F71A196292F80067B896 /* Logo@2x.png */; };
		0022B392194B44050093788E /* release_title_bar@2x.png in Resources */ = {isa = PBXBuildFile; fileRef = 0022B391194B44050093788E /* release_title_bar@2x.png */; };
		0022B394194B446D0093788E /* back_function@2x.png in Resources */ = {isa = PBXBuildFile; fileRef = 0022B393194B446D0093788E /* back_function@2x.png */; };
		0022B39A194B49570093788E /* release_information_bg@2x.png in Resources */ = {isa = PBXBuildFile; fileRef = 0022B399194B49570093788E /* release_information_bg@2x.png */; };
		0022B39C194B49600093788E /* release_information_bg2@2x.png in Resources */ = {isa = PBXBuildFile; fileRef = 0022B39B194B49600093788E /* release_information_bg2@2x.png */; };
		0022B3A1194B4B980093788E /* release_minus_button@2x.png in Resources */ = {isa = PBXBuildFile; fileRef = 0022B39F194B4B980093788E /* release_minus_button@2x.png */; };
		0022B3A2194B4B980093788E /* release_plus_button@2x.png in Resources */ = {isa = PBXBuildFile; fileRef = 0022B3A0194B4B980093788E /* release_plus_button@2x.png */; };
		0022B3A4194B4DFA0093788E /* Test.xib in Resources */ = {isa = PBXBuildFile; fileRef = 0022B3A3194B4DFA0093788E /* Test.xib */; };
		0027A7A2194EC5B600771248 /* settings_back_action@2x.png in Resources */ = {isa = PBXBuildFile; fileRef = 0027A79F194EC5B600771248 /* settings_back_action@2x.png */; };
		0027A7A3194EC5B600771248 /* settings_bg@2x.png in Resources */ = {isa = PBXBuildFile; fileRef = 0027A7A0194EC5B600771248 /* settings_bg@2x.png */; };
		0027A7A4194EC5B600771248 /* settings_logout_button@2x.png in Resources */ = {isa = PBXBuildFile; fileRef = 0027A7A1194EC5B600771248 /* settings_logout_button@2x.png */; };
		0027A7A6194EC5C000771248 /* settings_title_bar@2x.png in Resources */ = {isa = PBXBuildFile; fileRef = 0027A7A5194EC5C000771248 /* settings_title_bar@2x.png */; };
		0027A7A9194EC60000771248 /* iPinSettingViewController.m in Sources */ = {isa = PBXBuildFile; fileRef = 0027A7A8194EC60000771248 /* iPinSettingViewController.m */; };
		0027A7AF194ED1F200771248 /* libWeChatSDK.a in Frameworks */ = {isa = PBXBuildFile; fileRef = 0027A7AC194ED1F200771248 /* libWeChatSDK.a */; };
		0027A7B2194EDCDC00771248 /* iPinShareCenter.m in Sources */ = {isa = PBXBuildFile; fileRef = 0027A7B1194EDCDC00771248 /* iPinShareCenter.m */; };
		002CC48619497EAB002A812C /* blueArrow.png in Resources */ = {isa = PBXBuildFile; fileRef = 002CC48219497EAB002A812C /* blueArrow.png */; };
		002CC48719497EAB002A812C /* blueArrow@2x.png in Resources */ = {isa = PBXBuildFile; fileRef = 002CC48319497EAB002A812C /* blueArrow@2x.png */; };
		002CC48A19497ECC002A812C /* QuartzCore.framework in Frameworks */ = {isa = PBXBuildFile; fileRef = 002CC48919497ECC002A812C /* QuartzCore.framework */; };
		004ACFFE1948AC17004149B9 /* background@2x.png in Resources */ = {isa = PBXBuildFile; fileRef = 004ACFF71948AC17004149B9 /* background@2x.png */; };
		004AD0081948AC9D004149B9 /* iPinListTableViewCell.m in Sources */ = {isa = PBXBuildFile; fileRef = 004AD0061948AC9D004149B9 /* iPinListTableViewCell.m */; };
		004AD0091948AC9D004149B9 /* iPinListTableViewCell.xib in Resources */ = {isa = PBXBuildFile; fileRef = 004AD0071948AC9D004149B9 /* iPinListTableViewCell.xib */; };
		004B218E194B310B006563E9 /* iPinPublishViewController.m in Sources */ = {isa = PBXBuildFile; fileRef = 004B218D194B310B006563E9 /* iPinPublishViewController.m */; };
		008911A61949CDF800875753 /* RefreshHeaderAndFooterView.m in Sources */ = {isa = PBXBuildFile; fileRef = 008911A51949CDF800875753 /* RefreshHeaderAndFooterView.m */; };
		0090437919624F150057CECF /* Icon@2x.png in Resources */ = {isa = PBXBuildFile; fileRef = 0090437819624F150057CECF /* Icon@2x.png */; };
		0090437F19625C0D0057CECF /* iPinRequestCenter.m in Sources */ = {isa = PBXBuildFile; fileRef = 0090437E19625C0D0057CECF /* iPinRequestCenter.m */; };
		00A5254919487F0700450943 /* Foundation.framework in Frameworks */ = {isa = PBXBuildFile; fileRef = 00A5254819487F0700450943 /* Foundation.framework */; };
		00A5254B19487F0700450943 /* CoreGraphics.framework in Frameworks */ = {isa = PBXBuildFile; fileRef = 00A5254A19487F0700450943 /* CoreGraphics.framework */; };
		00A5254D19487F0700450943 /* UIKit.framework in Frameworks */ = {isa = PBXBuildFile; fileRef = 00A5254C19487F0700450943 /* UIKit.framework */; };
		00A5254F19487F0700450943 /* CoreData.framework in Frameworks */ = {isa = PBXBuildFile; fileRef = 00A5254E19487F0700450943 /* CoreData.framework */; };
		00A5255519487F0700450943 /* InfoPlist.strings in Resources */ = {isa = PBXBuildFile; fileRef = 00A5255319487F0700450943 /* InfoPlist.strings */; };
		00A5255719487F0700450943 /* main.m in Sources */ = {isa = PBXBuildFile; fileRef = 00A5255619487F0700450943 /* main.m */; };
		00A5255B19487F0700450943 /* iPinAppDelegate.m in Sources */ = {isa = PBXBuildFile; fileRef = 00A5255A19487F0700450943 /* iPinAppDelegate.m */; };
		00A5255E19487F0700450943 /* iPin.xcdatamodeld in Sources */ = {isa = PBXBuildFile; fileRef = 00A5255C19487F0700450943 /* iPin.xcdatamodeld */; };
		00A5256019487F0700450943 /* Images.xcassets in Resources */ = {isa = PBXBuildFile; fileRef = 00A5255F19487F0700450943 /* Images.xcassets */; };
		00A5256719487F0700450943 /* XCTest.framework in Frameworks */ = {isa = PBXBuildFile; fileRef = 00A5256619487F0700450943 /* XCTest.framework */; };
		00A5256819487F0800450943 /* Foundation.framework in Frameworks */ = {isa = PBXBuildFile; fileRef = 00A5254819487F0700450943 /* Foundation.framework */; };
		00A5256919487F0800450943 /* UIKit.framework in Frameworks */ = {isa = PBXBuildFile; fileRef = 00A5254C19487F0700450943 /* UIKit.framework */; };
		00A5256A19487F0800450943 /* CoreData.framework in Frameworks */ = {isa = PBXBuildFile; fileRef = 00A5254E19487F0700450943 /* CoreData.framework */; };
		00A5257219487F0800450943 /* InfoPlist.strings in Resources */ = {isa = PBXBuildFile; fileRef = 00A5257019487F0800450943 /* InfoPlist.strings */; };
		00A5257419487F0800450943 /* iPinTests.m in Sources */ = {isa = PBXBuildFile; fileRef = 00A5257319487F0800450943 /* iPinTests.m */; };
		00E5B0E91949454A000740EA /* information_frame_female@2x.png in Resources */ = {isa = PBXBuildFile; fileRef = 00E5B0E71949454A000740EA /* information_frame_female@2x.png */; };
		00E5B0EA1949454A000740EA /* information_frame_male@2x.png in Resources */ = {isa = PBXBuildFile; fileRef = 00E5B0E81949454A000740EA /* information_frame_male@2x.png */; };
		00E5B0F119495214000740EA /* iPinListItem.m in Sources */ = {isa = PBXBuildFile; fileRef = 00E5B0F019495214000740EA /* iPinListItem.m */; };
/* End PBXBuildFile section */

/* Begin PBXContainerItemProxy section */
		00A5256B19487F0800450943 /* PBXContainerItemProxy */ = {
			isa = PBXContainerItemProxy;
			containerPortal = 00A5253D19487F0700450943 /* Project object */;
			proxyType = 1;
			remoteGlobalIDString = 00A5254419487F0700450943;
			remoteInfo = iPin;
		};
/* End PBXContainerItemProxy section */

/* Begin PBXFileReference section */
		0004636F194D79440052B91F /* nearby_title_bar@2x.png */ = {isa = PBXFileReference; lastKnownFileType = image.png; path = "nearby_title_bar@2x.png"; sourceTree = "<group>"; };
		00046371194D79610052B91F /* nearby_back_function@2x.png */ = {isa = PBXFileReference; lastKnownFileType = image.png; path = "nearby_back_function@2x.png"; sourceTree = "<group>"; };
		00046372194D79610052B91F /* nearby_bottom_bar@2x.png */ = {isa = PBXFileReference; lastKnownFileType = image.png; path = "nearby_bottom_bar@2x.png"; sourceTree = "<group>"; };
		00046373194D79610052B91F /* nearby_confirm_button@2x.png */ = {isa = PBXFileReference; lastKnownFileType = image.png; path = "nearby_confirm_button@2x.png"; sourceTree = "<group>"; };
		00046377194D796D0052B91F /* nearby_female_frame_2@2x.png */ = {isa = PBXFileReference; lastKnownFileType = image.png; path = "nearby_female_frame_2@2x.png"; sourceTree = "<group>"; };
		00046378194D796D0052B91F /* nearby_male_frame_2@2x.png */ = {isa = PBXFileReference; lastKnownFileType = image.png; path = "nearby_male_frame_2@2x.png"; sourceTree = "<group>"; };
		0004637B194D79D70052B91F /* iPinNearbyViewController.h */ = {isa = PBXFileReference; fileEncoding = 4; lastKnownFileType = sourcecode.c.h; path = iPinNearbyViewController.h; sourceTree = "<group>"; };
		0004637C194D79D70052B91F /* iPinNearbyViewController.m */ = {isa = PBXFileReference; fileEncoding = 4; lastKnownFileType = sourcecode.c.objc; path = iPinNearbyViewController.m; sourceTree = "<group>"; };
		00071769194D8AED00F5CDF5 /* SGActionView.h */ = {isa = PBXFileReference; fileEncoding = 4; lastKnownFileType = sourcecode.c.h; path = SGActionView.h; sourceTree = "<group>"; };
		0007176A194D8AED00F5CDF5 /* SGActionView.m */ = {isa = PBXFileReference; fileEncoding = 4; lastKnownFileType = sourcecode.c.objc; path = SGActionView.m; sourceTree = "<group>"; };
		0007176B194D8AED00F5CDF5 /* SGBaseMenu.h */ = {isa = PBXFileReference; fileEncoding = 4; lastKnownFileType = sourcecode.c.h; path = SGBaseMenu.h; sourceTree = "<group>"; };
		0007176C194D8AED00F5CDF5 /* SGBaseMenu.m */ = {isa = PBXFileReference; fileEncoding = 4; lastKnownFileType = sourcecode.c.objc; path = SGBaseMenu.m; sourceTree = "<group>"; };
		0007176D194D8AED00F5CDF5 /* SGAlertMenu.h */ = {isa = PBXFileReference; fileEncoding = 4; lastKnownFileType = sourcecode.c.h; path = SGAlertMenu.h; sourceTree = "<group>"; };
		0007176E194D8AED00F5CDF5 /* SGAlertMenu.m */ = {isa = PBXFileReference; fileEncoding = 4; lastKnownFileType = sourcecode.c.objc; path = SGAlertMenu.m; sourceTree = "<group>"; };
		0007176F194D8AED00F5CDF5 /* SGGridMenu.h */ = {isa = PBXFileReference; fileEncoding = 4; lastKnownFileType = sourcecode.c.h; path = SGGridMenu.h; sourceTree = "<group>"; };
		00071770194D8AED00F5CDF5 /* SGGridMenu.m */ = {isa = PBXFileReference; fileEncoding = 4; lastKnownFileType = sourcecode.c.objc; path = SGGridMenu.m; sourceTree = "<group>"; };
		00071771194D8AED00F5CDF5 /* SGSheetMenu.h */ = {isa = PBXFileReference; fileEncoding = 4; lastKnownFileType = sourcecode.c.h; path = SGSheetMenu.h; sourceTree = "<group>"; };
		00071772194D8AED00F5CDF5 /* SGSheetMenu.m */ = {isa = PBXFileReference; fileEncoding = 4; lastKnownFileType = sourcecode.c.objc; path = SGSheetMenu.m; sourceTree = "<group>"; };
		0007177C194D8DBD00F5CDF5 /* share_pengyouquan_icon@2x.png */ = {isa = PBXFileReference; lastKnownFileType = image.png; path = "share_pengyouquan_icon@2x.png"; sourceTree = "<group>"; };
		0007177D194D8DBD00F5CDF5 /* share_sms_icon@2x.png */ = {isa = PBXFileReference; lastKnownFileType = image.png; path = "share_sms_icon@2x.png"; sourceTree = "<group>"; };
		0007177E194D8DBD00F5CDF5 /* share_wechat_icon@2x.png */ = {isa = PBXFileReference; lastKnownFileType = image.png; path = "share_wechat_icon@2x.png"; sourceTree = "<group>"; };
		0007177F194D8DBD00F5CDF5 /* share_weibo_icon@2x.png */ = {isa = PBXFileReference; lastKnownFileType = image.png; path = "share_weibo_icon@2x.png"; sourceTree = "<group>"; };
		00071784194D919100F5CDF5 /* MessageUI.framework */ = {isa = PBXFileReference; lastKnownFileType = wrapper.framework; name = MessageUI.framework; path = System/Library/Frameworks/MessageUI.framework; sourceTree = SDKROOT; };
		00073BB1194DCB9B002ECE59 /* CFNetwork.framework */ = {isa = PBXFileReference; lastKnownFileType = wrapper.framework; name = CFNetwork.framework; path = System/Library/Frameworks/CFNetwork.framework; sourceTree = SDKROOT; };
		001602ED19488D8D00CA8EDD /* title_bar@2x.png */ = {isa = PBXFileReference; lastKnownFileType = image.png; path = "title_bar@2x.png"; sourceTree = "<group>"; };
		001602EF19488DA300CA8EDD /* nearby_function@2x.png */ = {isa = PBXFileReference; lastKnownFileType = image.png; path = "nearby_function@2x.png"; sourceTree = "<group>"; };
		001602F119488DAE00CA8EDD /* release_function@2X.png */ = {isa = PBXFileReference; lastKnownFileType = image.png; path = "release_function@2X.png"; sourceTree = "<group>"; };
		001602F219488DAE00CA8EDD /* settings_button@2X.png */ = {isa = PBXFileReference; lastKnownFileType = image.png; path = "settings_button@2X.png"; sourceTree = "<group>"; };
		001602F919488E9F00CA8EDD /* iPinMainViewController.h */ = {isa = PBXFileReference; fileEncoding = 4; lastKnownFileType = sourcecode.c.h; path = iPinMainViewController.h; sourceTree = "<group>"; };
		001602FA19488E9F00CA8EDD /* iPinMainViewController.m */ = {isa = PBXFileReference; fileEncoding = 4; lastKnownFileType = sourcecode.c.objc; path = iPinMainViewController.m; sourceTree = "<group>"; };
		001B90E5194BF46B0082C0D1 /* personal_center_bg@2x.png */ = {isa = PBXFileReference; lastKnownFileType = image.png; path = "personal_center_bg@2x.png"; sourceTree = "<group>"; };
		001B90E7194BF47D0082C0D1 /* release_confirm_button@2x.png */ = {isa = PBXFileReference; lastKnownFileType = image.png; path = "release_confirm_button@2x.png"; sourceTree = "<group>"; };
		0020F71419628D450067B896 /* LaunchImage@2x.png */ = {isa = PBXFileReference; lastKnownFileType = image.png; path = "LaunchImage@2x.png"; sourceTree = "<group>"; };
		0020F716196291AB0067B896 /* iPinLoginViewController.h */ = {isa = PBXFileReference; fileEncoding = 4; lastKnownFileType = sourcecode.c.h; path = iPinLoginViewController.h; sourceTree = "<group>"; };
		0020F717196291AB0067B896 /* iPinLoginViewController.m */ = {isa = PBXFileReference; fileEncoding = 4; lastKnownFileType = sourcecode.c.objc; path = iPinLoginViewController.m; sourceTree = "<group>"; };
		0020F71A196292F80067B896 /* Logo@2x.png */ = {isa = PBXFileReference; lastKnownFileType = image.png; path = "Logo@2x.png"; sourceTree = "<group>"; };
		0022B391194B44050093788E /* release_title_bar@2x.png */ = {isa = PBXFileReference; lastKnownFileType = image.png; path = "release_title_bar@2x.png"; sourceTree = "<group>"; };
		0022B393194B446D0093788E /* back_function@2x.png */ = {isa = PBXFileReference; lastKnownFileType = image.png; path = "back_function@2x.png"; sourceTree = "<group>"; };
		0022B399194B49570093788E /* release_information_bg@2x.png */ = {isa = PBXFileReference; lastKnownFileType = image.png; path = "release_information_bg@2x.png"; sourceTree = "<group>"; };
		0022B39B194B49600093788E /* release_information_bg2@2x.png */ = {isa = PBXFileReference; lastKnownFileType = image.png; path = "release_information_bg2@2x.png"; sourceTree = "<group>"; };
		0022B39F194B4B980093788E /* release_minus_button@2x.png */ = {isa = PBXFileReference; lastKnownFileType = image.png; path = "release_minus_button@2x.png"; sourceTree = "<group>"; };
		0022B3A0194B4B980093788E /* release_plus_button@2x.png */ = {isa = PBXFileReference; lastKnownFileType = image.png; path = "release_plus_button@2x.png"; sourceTree = "<group>"; };
		0022B3A3194B4DFA0093788E /* Test.xib */ = {isa = PBXFileReference; fileEncoding = 4; lastKnownFileType = file.xib; path = Test.xib; sourceTree = "<group>"; };
		0027A79F194EC5B600771248 /* settings_back_action@2x.png */ = {isa = PBXFileReference; lastKnownFileType = image.png; path = "settings_back_action@2x.png"; sourceTree = "<group>"; };
		0027A7A0194EC5B600771248 /* settings_bg@2x.png */ = {isa = PBXFileReference; lastKnownFileType = image.png; path = "settings_bg@2x.png"; sourceTree = "<group>"; };
		0027A7A1194EC5B600771248 /* settings_logout_button@2x.png */ = {isa = PBXFileReference; lastKnownFileType = image.png; path = "settings_logout_button@2x.png"; sourceTree = "<group>"; };
		0027A7A5194EC5C000771248 /* settings_title_bar@2x.png */ = {isa = PBXFileReference; lastKnownFileType = image.png; path = "settings_title_bar@2x.png"; sourceTree = "<group>"; };
		0027A7A7194EC60000771248 /* iPinSettingViewController.h */ = {isa = PBXFileReference; fileEncoding = 4; lastKnownFileType = sourcecode.c.h; path = iPinSettingViewController.h; sourceTree = "<group>"; };
		0027A7A8194EC60000771248 /* iPinSettingViewController.m */ = {isa = PBXFileReference; fileEncoding = 4; lastKnownFileType = sourcecode.c.objc; path = iPinSettingViewController.m; sourceTree = "<group>"; };
		0027A7AC194ED1F200771248 /* libWeChatSDK.a */ = {isa = PBXFileReference; lastKnownFileType = archive.ar; path = libWeChatSDK.a; sourceTree = "<group>"; };
		0027A7AD194ED1F200771248 /* WXApi.h */ = {isa = PBXFileReference; fileEncoding = 4; lastKnownFileType = sourcecode.c.h; path = WXApi.h; sourceTree = "<group>"; };
		0027A7AE194ED1F200771248 /* WXApiObject.h */ = {isa = PBXFileReference; fileEncoding = 4; lastKnownFileType = sourcecode.c.h; path = WXApiObject.h; sourceTree = "<group>"; };
		0027A7B0194EDCDC00771248 /* iPinShareCenter.h */ = {isa = PBXFileReference; fileEncoding = 4; lastKnownFileType = sourcecode.c.h; path = iPinShareCenter.h; sourceTree = "<group>"; };
		0027A7B1194EDCDC00771248 /* iPinShareCenter.m */ = {isa = PBXFileReference; fileEncoding = 4; lastKnownFileType = sourcecode.c.objc; path = iPinShareCenter.m; sourceTree = "<group>"; };
		002CC48219497EAB002A812C /* blueArrow.png */ = {isa = PBXFileReference; lastKnownFileType = image.png; path = blueArrow.png; sourceTree = "<group>"; };
		002CC48319497EAB002A812C /* blueArrow@2x.png */ = {isa = PBXFileReference; lastKnownFileType = image.png; path = "blueArrow@2x.png"; sourceTree = "<group>"; };
		002CC48919497ECC002A812C /* QuartzCore.framework */ = {isa = PBXFileReference; lastKnownFileType = wrapper.framework; name = QuartzCore.framework; path = System/Library/Frameworks/QuartzCore.framework; sourceTree = SDKROOT; };
		004ACFF71948AC17004149B9 /* background@2x.png */ = {isa = PBXFileReference; lastKnownFileType = image.png; path = "background@2x.png"; sourceTree = "<group>"; };
		004AD0051948AC9D004149B9 /* iPinListTableViewCell.h */ = {isa = PBXFileReference; fileEncoding = 4; lastKnownFileType = sourcecode.c.h; path = iPinListTableViewCell.h; sourceTree = "<group>"; };
		004AD0061948AC9D004149B9 /* iPinListTableViewCell.m */ = {isa = PBXFileReference; fileEncoding = 4; lastKnownFileType = sourcecode.c.objc; path = iPinListTableViewCell.m; sourceTree = "<group>"; };
		004AD0071948AC9D004149B9 /* iPinListTableViewCell.xib */ = {isa = PBXFileReference; fileEncoding = 4; lastKnownFileType = file.xib; path = iPinListTableViewCell.xib; sourceTree = "<group>"; };
		004B218C194B310B006563E9 /* iPinPublishViewController.h */ = {isa = PBXFileReference; fileEncoding = 4; lastKnownFileType = sourcecode.c.h; path = iPinPublishViewController.h; sourceTree = "<group>"; };
		004B218D194B310B006563E9 /* iPinPublishViewController.m */ = {isa = PBXFileReference; fileEncoding = 4; lastKnownFileType = sourcecode.c.objc; path = iPinPublishViewController.m; sourceTree = "<group>"; };
		008911A41949CDF800875753 /* RefreshHeaderAndFooterView.h */ = {isa = PBXFileReference; fileEncoding = 4; lastKnownFileType = sourcecode.c.h; path = RefreshHeaderAndFooterView.h; sourceTree = "<group>"; };
		008911A51949CDF800875753 /* RefreshHeaderAndFooterView.m */ = {isa = PBXFileReference; fileEncoding = 4; lastKnownFileType = sourcecode.c.objc; path = RefreshHeaderAndFooterView.m; sourceTree = "<group>"; };
		0090437819624F150057CECF /* Icon@2x.png */ = {isa = PBXFileReference; lastKnownFileType = image.png; path = "Icon@2x.png"; sourceTree = "<group>"; };
		0090437D19625C0D0057CECF /* iPinRequestCenter.h */ = {isa = PBXFileReference; fileEncoding = 4; lastKnownFileType = sourcecode.c.h; path = iPinRequestCenter.h; sourceTree = "<group>"; };
		0090437E19625C0D0057CECF /* iPinRequestCenter.m */ = {isa = PBXFileReference; fileEncoding = 4; lastKnownFileType = sourcecode.c.objc; path = iPinRequestCenter.m; sourceTree = "<group>"; };
		00A5254519487F0700450943 /* iPin.app */ = {isa = PBXFileReference; explicitFileType = wrapper.application; includeInIndex = 0; path = iPin.app; sourceTree = BUILT_PRODUCTS_DIR; };
		00A5254819487F0700450943 /* Foundation.framework */ = {isa = PBXFileReference; lastKnownFileType = wrapper.framework; name = Foundation.framework; path = System/Library/Frameworks/Foundation.framework; sourceTree = SDKROOT; };
		00A5254A19487F0700450943 /* CoreGraphics.framework */ = {isa = PBXFileReference; lastKnownFileType = wrapper.framework; name = CoreGraphics.framework; path = System/Library/Frameworks/CoreGraphics.framework; sourceTree = SDKROOT; };
		00A5254C19487F0700450943 /* UIKit.framework */ = {isa = PBXFileReference; lastKnownFileType = wrapper.framework; name = UIKit.framework; path = System/Library/Frameworks/UIKit.framework; sourceTree = SDKROOT; };
		00A5254E19487F0700450943 /* CoreData.framework */ = {isa = PBXFileReference; lastKnownFileType = wrapper.framework; name = CoreData.framework; path = System/Library/Frameworks/CoreData.framework; sourceTree = SDKROOT; };
		00A5255219487F0700450943 /* iPin-Info.plist */ = {isa = PBXFileReference; lastKnownFileType = text.plist.xml; path = "iPin-Info.plist"; sourceTree = "<group>"; };
		00A5255419487F0700450943 /* en */ = {isa = PBXFileReference; lastKnownFileType = text.plist.strings; name = en; path = en.lproj/InfoPlist.strings; sourceTree = "<group>"; };
		00A5255619487F0700450943 /* main.m */ = {isa = PBXFileReference; lastKnownFileType = sourcecode.c.objc; path = main.m; sourceTree = "<group>"; };
		00A5255819487F0700450943 /* iPin-Prefix.pch */ = {isa = PBXFileReference; lastKnownFileType = sourcecode.c.h; path = "iPin-Prefix.pch"; sourceTree = "<group>"; };
		00A5255919487F0700450943 /* iPinAppDelegate.h */ = {isa = PBXFileReference; lastKnownFileType = sourcecode.c.h; path = iPinAppDelegate.h; sourceTree = "<group>"; };
		00A5255A19487F0700450943 /* iPinAppDelegate.m */ = {isa = PBXFileReference; lastKnownFileType = sourcecode.c.objc; path = iPinAppDelegate.m; sourceTree = "<group>"; };
		00A5255D19487F0700450943 /* iPin.xcdatamodel */ = {isa = PBXFileReference; lastKnownFileType = wrapper.xcdatamodel; path = iPin.xcdatamodel; sourceTree = "<group>"; };
		00A5255F19487F0700450943 /* Images.xcassets */ = {isa = PBXFileReference; lastKnownFileType = folder.assetcatalog; path = Images.xcassets; sourceTree = "<group>"; };
		00A5256519487F0700450943 /* iPinTests.xctest */ = {isa = PBXFileReference; explicitFileType = wrapper.cfbundle; includeInIndex = 0; path = iPinTests.xctest; sourceTree = BUILT_PRODUCTS_DIR; };
		00A5256619487F0700450943 /* XCTest.framework */ = {isa = PBXFileReference; lastKnownFileType = wrapper.framework; name = XCTest.framework; path = Library/Frameworks/XCTest.framework; sourceTree = DEVELOPER_DIR; };
		00A5256F19487F0800450943 /* iPinTests-Info.plist */ = {isa = PBXFileReference; lastKnownFileType = text.plist.xml; path = "iPinTests-Info.plist"; sourceTree = "<group>"; };
		00A5257119487F0800450943 /* en */ = {isa = PBXFileReference; lastKnownFileType = text.plist.strings; name = en; path = en.lproj/InfoPlist.strings; sourceTree = "<group>"; };
		00A5257319487F0800450943 /* iPinTests.m */ = {isa = PBXFileReference; lastKnownFileType = sourcecode.c.objc; path = iPinTests.m; sourceTree = "<group>"; };
		00E5B0E71949454A000740EA /* information_frame_female@2x.png */ = {isa = PBXFileReference; lastKnownFileType = image.png; path = "information_frame_female@2x.png"; sourceTree = "<group>"; };
		00E5B0E81949454A000740EA /* information_frame_male@2x.png */ = {isa = PBXFileReference; lastKnownFileType = image.png; path = "information_frame_male@2x.png"; sourceTree = "<group>"; };
		00E5B0EF19495214000740EA /* iPinListItem.h */ = {isa = PBXFileReference; fileEncoding = 4; lastKnownFileType = sourcecode.c.h; path = iPinListItem.h; sourceTree = "<group>"; };
		00E5B0F019495214000740EA /* iPinListItem.m */ = {isa = PBXFileReference; fileEncoding = 4; lastKnownFileType = sourcecode.c.objc; path = iPinListItem.m; sourceTree = "<group>"; };
/* End PBXFileReference section */

/* Begin PBXFrameworksBuildPhase section */
		00A5254219487F0700450943 /* Frameworks */ = {
			isa = PBXFrameworksBuildPhase;
			buildActionMask = 2147483647;
			files = (
				00073BB2194DCB9B002ECE59 /* CFNetwork.framework in Frameworks */,
				00071785194D919100F5CDF5 /* MessageUI.framework in Frameworks */,
				0027A7AF194ED1F200771248 /* libWeChatSDK.a in Frameworks */,
				002CC48A19497ECC002A812C /* QuartzCore.framework in Frameworks */,
				00A5254B19487F0700450943 /* CoreGraphics.framework in Frameworks */,
				00A5254F19487F0700450943 /* CoreData.framework in Frameworks */,
				00A5254D19487F0700450943 /* UIKit.framework in Frameworks */,
				00A5254919487F0700450943 /* Foundation.framework in Frameworks */,
			);
			runOnlyForDeploymentPostprocessing = 0;
		};
		00A5256219487F0700450943 /* Frameworks */ = {
			isa = PBXFrameworksBuildPhase;
			buildActionMask = 2147483647;
			files = (
				00A5256719487F0700450943 /* XCTest.framework in Frameworks */,
				00A5256A19487F0800450943 /* CoreData.framework in Frameworks */,
				00A5256919487F0800450943 /* UIKit.framework in Frameworks */,
				00A5256819487F0800450943 /* Foundation.framework in Frameworks */,
			);
			runOnlyForDeploymentPostprocessing = 0;
		};
/* End PBXFrameworksBuildPhase section */

/* Begin PBXGroup section */
		0004636E194D791C0052B91F /* NearbyViewImage */ = {
			isa = PBXGroup;
			children = (
				0004636F194D79440052B91F /* nearby_title_bar@2x.png */,
				00046371194D79610052B91F /* nearby_back_function@2x.png */,
				00046372194D79610052B91F /* nearby_bottom_bar@2x.png */,
				00046373194D79610052B91F /* nearby_confirm_button@2x.png */,
				00046377194D796D0052B91F /* nearby_female_frame_2@2x.png */,
				00046378194D796D0052B91F /* nearby_male_frame_2@2x.png */,
			);
			name = NearbyViewImage;
			sourceTree = "<group>";
		};
		00071779194D8B0F00F5CDF5 /* SGActionView */ = {
			isa = PBXGroup;
			children = (
				00071769194D8AED00F5CDF5 /* SGActionView.h */,
				0007176A194D8AED00F5CDF5 /* SGActionView.m */,
				0007177A194D8B3700F5CDF5 /* SGMenus */,
			);
			name = SGActionView;
			sourceTree = "<group>";
		};
		0007177A194D8B3700F5CDF5 /* SGMenus */ = {
			isa = PBXGroup;
			children = (
				0007176B194D8AED00F5CDF5 /* SGBaseMenu.h */,
				0007176C194D8AED00F5CDF5 /* SGBaseMenu.m */,
				0007176D194D8AED00F5CDF5 /* SGAlertMenu.h */,
				0007176E194D8AED00F5CDF5 /* SGAlertMenu.m */,
				0007176F194D8AED00F5CDF5 /* SGGridMenu.h */,
				00071770194D8AED00F5CDF5 /* SGGridMenu.m */,
				00071771194D8AED00F5CDF5 /* SGSheetMenu.h */,
				00071772194D8AED00F5CDF5 /* SGSheetMenu.m */,
			);
			name = SGMenus;
			sourceTree = "<group>";
		};
		0007177B194D8DA200F5CDF5 /* ShareViewImage */ = {
			isa = PBXGroup;
			children = (
				0007177C194D8DBD00F5CDF5 /* share_pengyouquan_icon@2x.png */,
				0007177D194D8DBD00F5CDF5 /* share_sms_icon@2x.png */,
				0007177E194D8DBD00F5CDF5 /* share_wechat_icon@2x.png */,
				0007177F194D8DBD00F5CDF5 /* share_weibo_icon@2x.png */,
			);
			name = ShareViewImage;
			sourceTree = "<group>";
		};
		001602EC19488D7700CA8EDD /* AppImage */ = {
			isa = PBXGroup;
			children = (
				0090437819624F150057CECF /* Icon@2x.png */,
				0020F71419628D450067B896 /* LaunchImage@2x.png */,
			);
			name = AppImage;
			sourceTree = "<group>";
		};
		001B90E9194BF4CF0082C0D1 /* PersonViewImage */ = {
			isa = PBXGroup;
			children = (
				001B90E5194BF46B0082C0D1 /* personal_center_bg@2x.png */,
			);
			name = PersonViewImage;
			sourceTree = "<group>";
		};
		0020F719196292D70067B896 /* LoginViewImage */ = {
			isa = PBXGroup;
			children = (
				0020F71A196292F80067B896 /* Logo@2x.png */,
			);
			name = LoginViewImage;
			sourceTree = "<group>";
		};
		0022B395194B46870093788E /* MainViewImage */ = {
			isa = PBXGroup;
			children = (
				001602F219488DAE00CA8EDD /* settings_button@2X.png */,
				001602ED19488D8D00CA8EDD /* title_bar@2x.png */,
				001602EF19488DA300CA8EDD /* nearby_function@2x.png */,
				001602F119488DAE00CA8EDD /* release_function@2X.png */,
				004ACFF71948AC17004149B9 /* background@2x.png */,
			);
			name = MainViewImage;
			sourceTree = "<group>";
		};
		0022B396194B46BF0093788E /* TableCellImage */ = {
			isa = PBXGroup;
			children = (
				00E5B0E71949454A000740EA /* information_frame_female@2x.png */,
				00E5B0E81949454A000740EA /* information_frame_male@2x.png */,
			);
			name = TableCellImage;
			sourceTree = "<group>";
		};
		0022B397194B46E80093788E /* Image */ = {
			isa = PBXGroup;
			children = (
				001602EC19488D7700CA8EDD /* AppImage */,
				0020F719196292D70067B896 /* LoginViewImage */,
				0022B395194B46870093788E /* MainViewImage */,
				001B90E9194BF4CF0082C0D1 /* PersonViewImage */,
				0007177B194D8DA200F5CDF5 /* ShareViewImage */,
				0022B396194B46BF0093788E /* TableCellImage */,
				0022B398194B47360093788E /* PublishiViewImage */,
				0004636E194D791C0052B91F /* NearbyViewImage */,
				0027A79E194EC58A00771248 /* SettingViewImage */,
			);
			name = Image;
			sourceTree = "<group>";
		};
		0022B398194B47360093788E /* PublishiViewImage */ = {
			isa = PBXGroup;
			children = (
				001B90E7194BF47D0082C0D1 /* release_confirm_button@2x.png */,
				0022B391194B44050093788E /* release_title_bar@2x.png */,
				0022B393194B446D0093788E /* back_function@2x.png */,
				0022B399194B49570093788E /* release_information_bg@2x.png */,
				0022B39B194B49600093788E /* release_information_bg2@2x.png */,
				0022B39F194B4B980093788E /* release_minus_button@2x.png */,
				0022B3A0194B4B980093788E /* release_plus_button@2x.png */,
			);
			name = PublishiViewImage;
			sourceTree = "<group>";
		};
		0027A79E194EC58A00771248 /* SettingViewImage */ = {
			isa = PBXGroup;
			children = (
				0027A79F194EC5B600771248 /* settings_back_action@2x.png */,
				0027A7A0194EC5B600771248 /* settings_bg@2x.png */,
				0027A7A1194EC5B600771248 /* settings_logout_button@2x.png */,
				0027A7A5194EC5C000771248 /* settings_title_bar@2x.png */,
			);
			name = SettingViewImage;
			sourceTree = "<group>";
		};
		0027A7AA194ED1C300771248 /* Share */ = {
			isa = PBXGroup;
			children = (
				0027A7AB194ED1E400771248 /* WeChat */,
				0027A7B0194EDCDC00771248 /* iPinShareCenter.h */,
				0027A7B1194EDCDC00771248 /* iPinShareCenter.m */,
			);
			name = Share;
			sourceTree = "<group>";
		};
		0027A7AB194ED1E400771248 /* WeChat */ = {
			isa = PBXGroup;
			children = (
				0027A7AC194ED1F200771248 /* libWeChatSDK.a */,
				0027A7AD194ED1F200771248 /* WXApi.h */,
				0027A7AE194ED1F200771248 /* WXApiObject.h */,
			);
			name = WeChat;
			sourceTree = "<group>";
		};
		002CC48119497E88002A812C /* Refresh */ = {
			isa = PBXGroup;
			children = (
				002CC48219497EAB002A812C /* blueArrow.png */,
				002CC48319497EAB002A812C /* blueArrow@2x.png */,
				008911A41949CDF800875753 /* RefreshHeaderAndFooterView.h */,
				008911A51949CDF800875753 /* RefreshHeaderAndFooterView.m */,
			);
			name = Refresh;
			sourceTree = "<group>";
		};
		0090437C19625BE30057CECF /* RequestCenter */ = {
			isa = PBXGroup;
			children = (
				0090437D19625C0D0057CECF /* iPinRequestCenter.h */,
				0090437E19625C0D0057CECF /* iPinRequestCenter.m */,
			);
			name = RequestCenter;
			sourceTree = "<group>";
		};
		00A5253C19487F0700450943 = {
			isa = PBXGroup;
			children = (
				0022B3A3194B4DFA0093788E /* Test.xib */,
				00A5255019487F0700450943 /* iPin */,
				00A5256D19487F0800450943 /* iPinTests */,
				00A5254719487F0700450943 /* Frameworks */,
				00A5254619487F0700450943 /* Products */,
			);
			sourceTree = "<group>";
		};
		00A5254619487F0700450943 /* Products */ = {
			isa = PBXGroup;
			children = (
				00A5254519487F0700450943 /* iPin.app */,
				00A5256519487F0700450943 /* iPinTests.xctest */,
			);
			name = Products;
			sourceTree = "<group>";
		};
		00A5254719487F0700450943 /* Frameworks */ = {
			isa = PBXGroup;
			children = (
				00073BB1194DCB9B002ECE59 /* CFNetwork.framework */,
				00071784194D919100F5CDF5 /* MessageUI.framework */,
				002CC48919497ECC002A812C /* QuartzCore.framework */,
				00A5254819487F0700450943 /* Foundation.framework */,
				00A5254A19487F0700450943 /* CoreGraphics.framework */,
				00A5254C19487F0700450943 /* UIKit.framework */,
				00A5254E19487F0700450943 /* CoreData.framework */,
				00A5256619487F0700450943 /* XCTest.framework */,
			);
			name = Frameworks;
			sourceTree = "<group>";
		};
		00A5255019487F0700450943 /* iPin */ = {
			isa = PBXGroup;
			children = (
				00A5255919487F0700450943 /* iPinAppDelegate.h */,
				00A5255A19487F0700450943 /* iPinAppDelegate.m */,
				0020F716196291AB0067B896 /* iPinLoginViewController.h */,
				0020F717196291AB0067B896 /* iPinLoginViewController.m */,
				001602F919488E9F00CA8EDD /* iPinMainViewController.h */,
				001602FA19488E9F00CA8EDD /* iPinMainViewController.m */,
				004B218C194B310B006563E9 /* iPinPublishViewController.h */,
				004B218D194B310B006563E9 /* iPinPublishViewController.m */,
				0004637B194D79D70052B91F /* iPinNearbyViewController.h */,
				0004637C194D79D70052B91F /* iPinNearbyViewController.m */,
				0027A7A7194EC60000771248 /* iPinSettingViewController.h */,
				0027A7A8194EC60000771248 /* iPinSettingViewController.m */,
				004AD0051948AC9D004149B9 /* iPinListTableViewCell.h */,
				004AD0061948AC9D004149B9 /* iPinListTableViewCell.m */,
				004AD0071948AC9D004149B9 /* iPinListTableViewCell.xib */,
				00E5B0EF19495214000740EA /* iPinListItem.h */,
				00E5B0F019495214000740EA /* iPinListItem.m */,
				00A5255F19487F0700450943 /* Images.xcassets */,
				00A5255C19487F0700450943 /* iPin.xcdatamodeld */,
				002CC48119497E88002A812C /* Refresh */,
				00071779194D8B0F00F5CDF5 /* SGActionView */,
				0027A7AA194ED1C300771248 /* Share */,
				0090437C19625BE30057CECF /* RequestCenter */,
				0022B397194B46E80093788E /* Image */,
				00A5255119487F0700450943 /* Supporting Files */,
			);
			path = iPin;
			sourceTree = "<group>";
		};
		00A5255119487F0700450943 /* Supporting Files */ = {
			isa = PBXGroup;
			children = (
				00A5255219487F0700450943 /* iPin-Info.plist */,
				00A5255319487F0700450943 /* InfoPlist.strings */,
				00A5255619487F0700450943 /* main.m */,
				00A5255819487F0700450943 /* iPin-Prefix.pch */,
			);
			name = "Supporting Files";
			sourceTree = "<group>";
		};
		00A5256D19487F0800450943 /* iPinTests */ = {
			isa = PBXGroup;
			children = (
				00A5257319487F0800450943 /* iPinTests.m */,
				00A5256E19487F0800450943 /* Supporting Files */,
			);
			path = iPinTests;
			sourceTree = "<group>";
		};
		00A5256E19487F0800450943 /* Supporting Files */ = {
			isa = PBXGroup;
			children = (
				00A5256F19487F0800450943 /* iPinTests-Info.plist */,
				00A5257019487F0800450943 /* InfoPlist.strings */,
			);
			name = "Supporting Files";
			sourceTree = "<group>";
		};
/* End PBXGroup section */

/* Begin PBXNativeTarget section */
		00A5254419487F0700450943 /* iPin */ = {
			isa = PBXNativeTarget;
			buildConfigurationList = 00A5257719487F0800450943 /* Build configuration list for PBXNativeTarget "iPin" */;
			buildPhases = (
				00A5254119487F0700450943 /* Sources */,
				00A5254219487F0700450943 /* Frameworks */,
				00A5254319487F0700450943 /* Resources */,
			);
			buildRules = (
			);
			dependencies = (
			);
			name = iPin;
			productName = iPin;
			productReference = 00A5254519487F0700450943 /* iPin.app */;
			productType = "com.apple.product-type.application";
		};
		00A5256419487F0700450943 /* iPinTests */ = {
			isa = PBXNativeTarget;
			buildConfigurationList = 00A5257A19487F0800450943 /* Build configuration list for PBXNativeTarget "iPinTests" */;
			buildPhases = (
				00A5256119487F0700450943 /* Sources */,
				00A5256219487F0700450943 /* Frameworks */,
				00A5256319487F0700450943 /* Resources */,
			);
			buildRules = (
			);
			dependencies = (
				00A5256C19487F0800450943 /* PBXTargetDependency */,
			);
			name = iPinTests;
			productName = iPinTests;
			productReference = 00A5256519487F0700450943 /* iPinTests.xctest */;
			productType = "com.apple.product-type.bundle.unit-test";
		};
/* End PBXNativeTarget section */

/* Begin PBXProject section */
		00A5253D19487F0700450943 /* Project object */ = {
			isa = PBXProject;
			attributes = {
				CLASSPREFIX = iPin;
				LastUpgradeCheck = 0510;
				ORGANIZATIONNAME = "___iPinStudio___";
				TargetAttributes = {
					00A5256419487F0700450943 = {
						TestTargetID = 00A5254419487F0700450943;
					};
				};
			};
			buildConfigurationList = 00A5254019487F0700450943 /* Build configuration list for PBXProject "iPin" */;
			compatibilityVersion = "Xcode 3.2";
			developmentRegion = English;
			hasScannedForEncodings = 0;
			knownRegions = (
				en,
			);
			mainGroup = 00A5253C19487F0700450943;
			productRefGroup = 00A5254619487F0700450943 /* Products */;
			projectDirPath = "";
			projectRoot = "";
			targets = (
				00A5254419487F0700450943 /* iPin */,
				00A5256419487F0700450943 /* iPinTests */,
			);
		};
/* End PBXProject section */

/* Begin PBXResourcesBuildPhase section */
		00A5254319487F0700450943 /* Resources */ = {
			isa = PBXResourcesBuildPhase;
			buildActionMask = 2147483647;
			files = (
				001602F019488DA300CA8EDD /* nearby_function@2x.png in Resources */,
				001B90E8194BF47D0082C0D1 /* release_confirm_button@2x.png in Resources */,
				0022B39C194B49600093788E /* release_information_bg2@2x.png in Resources */,
				00A5255519487F0700450943 /* InfoPlist.strings in Resources */,
				00046379194D796D0052B91F /* nearby_female_frame_2@2x.png in Resources */,
				0027A7A4194EC5B600771248 /* settings_logout_button@2x.png in Resources */,
				00046370194D79440052B91F /* nearby_title_bar@2x.png in Resources */,
				00046376194D79610052B91F /* nearby_confirm_button@2x.png in Resources */,
				0020F71519628D450067B896 /* LaunchImage@2x.png in Resources */,
				0027A7A6194EC5C000771248 /* settings_title_bar@2x.png in Resources */,
				00A5256019487F0700450943 /* Images.xcassets in Resources */,
				0027A7A2194EC5B600771248 /* settings_back_action@2x.png in Resources */,
				0020F71B196292F80067B896 /* Logo@2x.png in Resources */,
				001B90E6194BF46B0082C0D1 /* personal_center_bg@2x.png in Resources */,
				0022B39A194B49570093788E /* release_information_bg@2x.png in Resources */,
				00046375194D79610052B91F /* nearby_bottom_bar@2x.png in Resources */,
				0022B3A2194B4B980093788E /* release_plus_button@2x.png in Resources */,
				001602EE19488D8D00CA8EDD /* title_bar@2x.png in Resources */,
				004AD0091948AC9D004149B9 /* iPinListTableViewCell.xib in Resources */,
				00071783194D8DBD00F5CDF5 /* share_weibo_icon@2x.png in Resources */,
				00E5B0E91949454A000740EA /* information_frame_female@2x.png in Resources */,
				0022B3A1194B4B980093788E /* release_minus_button@2x.png in Resources */,
				001602F419488DAE00CA8EDD /* settings_button@2X.png in Resources */,
				0027A7A3194EC5B600771248 /* settings_bg@2x.png in Resources */,
				00046374194D79610052B91F /* nearby_back_function@2x.png in Resources */,
				004ACFFE1948AC17004149B9 /* background@2x.png in Resources */,
				0022B394194B446D0093788E /* back_function@2x.png in Resources */,
				00071781194D8DBD00F5CDF5 /* share_sms_icon@2x.png in Resources */,
				002CC48719497EAB002A812C /* blueArrow@2x.png in Resources */,
				0022B3A4194B4DFA0093788E /* Test.xib in Resources */,
				0022B392194B44050093788E /* release_title_bar@2x.png in Resources */,
				002CC48619497EAB002A812C /* blueArrow.png in Resources */,
				001602F319488DAE00CA8EDD /* release_function@2X.png in Resources */,
				0004637A194D796D0052B91F /* nearby_male_frame_2@2x.png in Resources */,
				0090437919624F150057CECF /* Icon@2x.png in Resources */,
				00E5B0EA1949454A000740EA /* information_frame_male@2x.png in Resources */,
				00071782194D8DBD00F5CDF5 /* share_wechat_icon@2x.png in Resources */,
				00071780194D8DBD00F5CDF5 /* share_pengyouquan_icon@2x.png in Resources */,
			);
			runOnlyForDeploymentPostprocessing = 0;
		};
		00A5256319487F0700450943 /* Resources */ = {
			isa = PBXResourcesBuildPhase;
			buildActionMask = 2147483647;
			files = (
				00A5257219487F0800450943 /* InfoPlist.strings in Resources */,
			);
			runOnlyForDeploymentPostprocessing = 0;
		};
/* End PBXResourcesBuildPhase section */

/* Begin PBXSourcesBuildPhase section */
		00A5254119487F0700450943 /* Sources */ = {
			isa = PBXSourcesBuildPhase;
			buildActionMask = 2147483647;
			files = (
				00071773194D8AED00F5CDF5 /* SGActionView.m in Sources */,
				00071774194D8AED00F5CDF5 /* SGBaseMenu.m in Sources */,
				0027A7B2194EDCDC00771248 /* iPinShareCenter.m in Sources */,
				004AD0081948AC9D004149B9 /* iPinListTableViewCell.m in Sources */,
				008911A61949CDF800875753 /* RefreshHeaderAndFooterView.m in Sources */,
				00A5255E19487F0700450943 /* iPin.xcdatamodeld in Sources */,
				0027A7A9194EC60000771248 /* iPinSettingViewController.m in Sources */,
				00A5255B19487F0700450943 /* iPinAppDelegate.m in Sources */,
				004B218E194B310B006563E9 /* iPinPublishViewController.m in Sources */,
				0090437F19625C0D0057CECF /* iPinRequestCenter.m in Sources */,
				00071776194D8AED00F5CDF5 /* SGGridMenu.m in Sources */,
				00071777194D8AED00F5CDF5 /* SGSheetMenu.m in Sources */,
				0004637D194D79D70052B91F /* iPinNearbyViewController.m in Sources */,
				00A5255719487F0700450943 /* main.m in Sources */,
				00E5B0F119495214000740EA /* iPinListItem.m in Sources */,
				001602FB19488E9F00CA8EDD /* iPinMainViewController.m in Sources */,
				0020F718196291AB0067B896 /* iPinLoginViewController.m in Sources */,
				00071775194D8AED00F5CDF5 /* SGAlertMenu.m in Sources */,
			);
			runOnlyForDeploymentPostprocessing = 0;
		};
		00A5256119487F0700450943 /* Sources */ = {
			isa = PBXSourcesBuildPhase;
			buildActionMask = 2147483647;
			files = (
				00A5257419487F0800450943 /* iPinTests.m in Sources */,
			);
			runOnlyForDeploymentPostprocessing = 0;
		};
/* End PBXSourcesBuildPhase section */

/* Begin PBXTargetDependency section */
		00A5256C19487F0800450943 /* PBXTargetDependency */ = {
			isa = PBXTargetDependency;
			target = 00A5254419487F0700450943 /* iPin */;
			targetProxy = 00A5256B19487F0800450943 /* PBXContainerItemProxy */;
		};
/* End PBXTargetDependency section */

/* Begin PBXVariantGroup section */
		00A5255319487F0700450943 /* InfoPlist.strings */ = {
			isa = PBXVariantGroup;
			children = (
				00A5255419487F0700450943 /* en */,
			);
			name = InfoPlist.strings;
			sourceTree = "<group>";
		};
		00A5257019487F0800450943 /* InfoPlist.strings */ = {
			isa = PBXVariantGroup;
			children = (
				00A5257119487F0800450943 /* en */,
			);
			name = InfoPlist.strings;
			sourceTree = "<group>";
		};
/* End PBXVariantGroup section */

/* Begin XCBuildConfiguration section */
		00A5257519487F0800450943 /* Debug */ = {
			isa = XCBuildConfiguration;
			buildSettings = {
				ALWAYS_SEARCH_USER_PATHS = NO;
				CLANG_CXX_LANGUAGE_STANDARD = "gnu++0x";
				CLANG_CXX_LIBRARY = "libc++";
				CLANG_ENABLE_MODULES = YES;
				CLANG_ENABLE_OBJC_ARC = YES;
				CLANG_WARN_BOOL_CONVERSION = YES;
				CLANG_WARN_CONSTANT_CONVERSION = YES;
				CLANG_WARN_DIRECT_OBJC_ISA_USAGE = YES_ERROR;
				CLANG_WARN_EMPTY_BODY = YES;
				CLANG_WARN_ENUM_CONVERSION = YES;
				CLANG_WARN_INT_CONVERSION = YES;
				CLANG_WARN_OBJC_ROOT_CLASS = YES_ERROR;
				CLANG_WARN__DUPLICATE_METHOD_MATCH = YES;
				"CODE_SIGN_IDENTITY[sdk=iphoneos*]" = "iPhone Developer";
				COPY_PHASE_STRIP = NO;
				GCC_C_LANGUAGE_STANDARD = gnu99;
				GCC_DYNAMIC_NO_PIC = NO;
				GCC_OPTIMIZATION_LEVEL = 0;
				GCC_PREPROCESSOR_DEFINITIONS = (
					"DEBUG=1",
					"$(inherited)",
				);
				GCC_SYMBOLS_PRIVATE_EXTERN = NO;
				GCC_WARN_64_TO_32_BIT_CONVERSION = YES;
				GCC_WARN_ABOUT_RETURN_TYPE = YES_ERROR;
				GCC_WARN_UNDECLARED_SELECTOR = YES;
				GCC_WARN_UNINITIALIZED_AUTOS = YES_AGGRESSIVE;
				GCC_WARN_UNUSED_FUNCTION = YES;
				GCC_WARN_UNUSED_VARIABLE = YES;
				IPHONEOS_DEPLOYMENT_TARGET = 7.1;
				ONLY_ACTIVE_ARCH = YES;
				SDKROOT = iphoneos;
			};
			name = Debug;
		};
		00A5257619487F0800450943 /* Release */ = {
			isa = XCBuildConfiguration;
			buildSettings = {
				ALWAYS_SEARCH_USER_PATHS = NO;
				CLANG_CXX_LANGUAGE_STANDARD = "gnu++0x";
				CLANG_CXX_LIBRARY = "libc++";
				CLANG_ENABLE_MODULES = YES;
				CLANG_ENABLE_OBJC_ARC = YES;
				CLANG_WARN_BOOL_CONVERSION = YES;
				CLANG_WARN_CONSTANT_CONVERSION = YES;
				CLANG_WARN_DIRECT_OBJC_ISA_USAGE = YES_ERROR;
				CLANG_WARN_EMPTY_BODY = YES;
				CLANG_WARN_ENUM_CONVERSION = YES;
				CLANG_WARN_INT_CONVERSION = YES;
				CLANG_WARN_OBJC_ROOT_CLASS = YES_ERROR;
				CLANG_WARN__DUPLICATE_METHOD_MATCH = YES;
				"CODE_SIGN_IDENTITY[sdk=iphoneos*]" = "iPhone Developer";
				COPY_PHASE_STRIP = YES;
				ENABLE_NS_ASSERTIONS = NO;
				GCC_C_LANGUAGE_STANDARD = gnu99;
				GCC_WARN_64_TO_32_BIT_CONVERSION = YES;
				GCC_WARN_ABOUT_RETURN_TYPE = YES_ERROR;
				GCC_WARN_UNDECLARED_SELECTOR = YES;
				GCC_WARN_UNINITIALIZED_AUTOS = YES_AGGRESSIVE;
				GCC_WARN_UNUSED_FUNCTION = YES;
				GCC_WARN_UNUSED_VARIABLE = YES;
				IPHONEOS_DEPLOYMENT_TARGET = 7.1;
				SDKROOT = iphoneos;
				VALIDATE_PRODUCT = YES;
			};
			name = Release;
		};
		00A5257819487F0800450943 /* Debug */ = {
			isa = XCBuildConfiguration;
			buildSettings = {
				ASSETCATALOG_COMPILER_APPICON_NAME = AppIcon;
				ASSETCATALOG_COMPILER_LAUNCHIMAGE_NAME = LaunchImage;
				GCC_PRECOMPILE_PREFIX_HEADER = YES;
				GCC_PREFIX_HEADER = "iPin/iPin-Prefix.pch";
				INFOPLIST_FILE = "iPin/iPin-Info.plist";
				IPHONEOS_DEPLOYMENT_TARGET = 6.1;
				LIBRARY_SEARCH_PATHS = (
					"$(inherited)",
					"$(PROJECT_DIR)/iPin",
				);
				PRODUCT_NAME = "$(TARGET_NAME)";
				WRAPPER_EXTENSION = app;
			};
			name = Debug;
		};
		00A5257919487F0800450943 /* Release */ = {
			isa = XCBuildConfiguration;
			buildSettings = {
				ASSETCATALOG_COMPILER_APPICON_NAME = AppIcon;
				ASSETCATALOG_COMPILER_LAUNCHIMAGE_NAME = LaunchImage;
				GCC_PRECOMPILE_PREFIX_HEADER = YES;
				GCC_PREFIX_HEADER = "iPin/iPin-Prefix.pch";
				INFOPLIST_FILE = "iPin/iPin-Info.plist";
				IPHONEOS_DEPLOYMENT_TARGET = 6.1;
				LIBRARY_SEARCH_PATHS = (
					"$(inherited)",
					"$(PROJECT_DIR)/iPin",
				);
				PRODUCT_NAME = "$(TARGET_NAME)";
				WRAPPER_EXTENSION = app;
			};
			name = Release;
		};
		00A5257B19487F0800450943 /* Debug */ = {
			isa = XCBuildConfiguration;
			buildSettings = {
				BUNDLE_LOADER = "$(BUILT_PRODUCTS_DIR)/iPin.app/iPin";
				FRAMEWORK_SEARCH_PATHS = (
					"$(SDKROOT)/Developer/Library/Frameworks",
					"$(inherited)",
					"$(DEVELOPER_FRAMEWORKS_DIR)",
				);
				GCC_PRECOMPILE_PREFIX_HEADER = YES;
				GCC_PREFIX_HEADER = "iPin/iPin-Prefix.pch";
				GCC_PREPROCESSOR_DEFINITIONS = (
					"DEBUG=1",
					"$(inherited)",
				);
				INFOPLIST_FILE = "iPinTests/iPinTests-Info.plist";
				PRODUCT_NAME = "$(TARGET_NAME)";
				TEST_HOST = "$(BUNDLE_LOADER)";
				WRAPPER_EXTENSION = xctest;
			};
			name = Debug;
		};
		00A5257C19487F0800450943 /* Release */ = {
			isa = XCBuildConfiguration;
			buildSettings = {
				BUNDLE_LOADER = "$(BUILT_PRODUCTS_DIR)/iPin.app/iPin";
				FRAMEWORK_SEARCH_PATHS = (
					"$(SDKROOT)/Developer/Library/Frameworks",
					"$(inherited)",
					"$(DEVELOPER_FRAMEWORKS_DIR)",
				);
				GCC_PRECOMPILE_PREFIX_HEADER = YES;
				GCC_PREFIX_HEADER = "iPin/iPin-Prefix.pch";
				INFOPLIST_FILE = "iPinTests/iPinTests-Info.plist";
				PRODUCT_NAME = "$(TARGET_NAME)";
				TEST_HOST = "$(BUNDLE_LOADER)";
				WRAPPER_EXTENSION = xctest;
			};
			name = Release;
		};
/* End XCBuildConfiguration section */

/* Begin XCConfigurationList section */
		00A5254019487F0700450943 /* Build configuration list for PBXProject "iPin" */ = {
			isa = XCConfigurationList;
			buildConfigurations = (
				00A5257519487F0800450943 /* Debug */,
				00A5257619487F0800450943 /* Release */,
			);
			defaultConfigurationIsVisible = 0;
			defaultConfigurationName = Release;
		};
		00A5257719487F0800450943 /* Build configuration list for PBXNativeTarget "iPin" */ = {
			isa = XCConfigurationList;
			buildConfigurations = (
				00A5257819487F0800450943 /* Debug */,
				00A5257919487F0800450943 /* Release */,
			);
			defaultConfigurationIsVisible = 0;
			defaultConfigurationName = Release;
		};
		00A5257A19487F0800450943 /* Build configuration list for PBXNativeTarget "iPinTests" */ = {
			isa = XCConfigurationList;
			buildConfigurations = (
				00A5257B19487F0800450943 /* Debug */,
				00A5257C19487F0800450943 /* Release */,
			);
			defaultConfigurationIsVisible = 0;
			defaultConfigurationName = Release;
		};
/* End XCConfigurationList section */

/* Begin XCVersionGroup section */
		00A5255C19487F0700450943 /* iPin.xcdatamodeld */ = {
			isa = XCVersionGroup;
			children = (
				00A5255D19487F0700450943 /* iPin.xcdatamodel */,
			);
			currentVersion = 00A5255D19487F0700450943 /* iPin.xcdatamodel */;
			path = iPin.xcdatamodeld;
			sourceTree = "<group>";
			versionGroupType = wrapper.xcdatamodel;
		};
/* End XCVersionGroup section */
	};
	rootObject = 00A5253D19487F0700450943 /* Project object */;
}
